
Microsoft Visual Studio Solution File, Format Version 12.00
# Visual Studio 2013
VisualStudioVersion = 12.0.40629.0
MinimumVisualStudioVersion = 10.0.40219.1
Project("{FAE04EC0-301F-11D3-BF4B-00C04F79EFBC}") = "AssetModelsLibrary", "AssetModelsLibrary\AssetModelsLibrary.csproj", "{69A0E6C4-2A5A-45EB-8B15-CA042E84F74F}"
EndProject
Project("{FAE04EC0-301F-11D3-BF4B-00C04F79EFBC}") = "OrganizationModelsLibrary", "OrganizationModelsLibrary\OrganizationModelsLibrary.csproj", "{AD74B19C-8F5E-42C4-B53A-C35BAEC9F951}"
EndProject
Project("{FAE04EC0-301F-11D3-BF4B-00C04F79EFBC}") = "HumanResourceModelsLibrary", "HumanResourceModelsLibrary\HumanResourceModelsLibrary.csproj", "{08C1AE5D-2FE8-482E-B137-5DBC21DE589E}"
EndProject
Project("{FAE04EC0-301F-11D3-BF4B-00C04F79EFBC}") = "OrgnationGetwaysLibrary", "OrgnationGetwaysLibrary\OrgnationGetwaysLibrary.csproj", "{7A953669-F524-4FA9-BE05-C3040996BBC4}"
EndProject
Project("{FAE04EC0-301F-11D3-BF4B-00C04F79EFBC}") = "AssetManagementUI", "AssetManagementUI\AssetManagementUI.csproj", "{D730828D-5372-4DB3-B9AC-2455B793A25A}"
EndProject
Project("{FAE04EC0-301F-11D3-BF4B-00C04F79EFBC}") = "OrgnationManagersLibrary", "OrgnationManagersLibrary\OrgnationManagersLibrary.csproj", "{9B587512-325B-4A08-BBEF-7B55F090E931}"
EndProject
Project("{2150E333-8FDC-42A3-9474-1A3956D46DE8}") = "07 User Interfaces", "07 User Interfaces", "{EDEE00BE-614B-4215-A72C-D25531C7FDC4}"
EndProject
Project("{2150E333-8FDC-42A3-9474-1A3956D46DE8}") = "03 Infrastucture", "03 Infrastucture", "{32E69AA7-E1DA-4C63-8A24-03B02FDD05F7}"
EndProject
Project("{2150E333-8FDC-42A3-9474-1A3956D46DE8}") = "06 Business Logic Layers", "06 Business Logic Layers", "{8B2AFCF3-19DF-4153-8FAD-A1FF6D5DD21E}"
EndProject
Project("{2150E333-8FDC-42A3-9474-1A3956D46DE8}") = "04 Data Access Layers", "04 Data Access Layers", "{7670E72F-45E6-4903-AD7B-AC37D1FCF28B}"
EndProject
Project("{FAE04EC0-301F-11D3-BF4B-00C04F79EFBC}") = "AssetDatabaseContextLibrary", "AssetDatabaseContextLibrary\AssetDatabaseContextLibrary.csproj", "{65A19118-CF39-4D3D-9AC2-71FE50B842D4}"
EndProject
Project("{2150E333-8FDC-42A3-9474-1A3956D46DE8}") = "01 Core", "01 Core", "{126E2C56-32D4-4080-9F99-5EB50167D5EA}"
EndProject
Project("{FAE04EC0-301F-11D3-BF4B-00C04F79EFBC}") = "Core.Repository.Library", "Core.Repository.Library\Core.Repository.Library.csproj", "{9E69EDBC-6C37-4687-8192-4DD6BB097889}"
EndProject
Project("{2150E333-8FDC-42A3-9474-1A3956D46DE8}") = "02 Asset Core", "02 Asset Core", "{667C9DFB-860F-4064-A9A5-22E1FC10804B}"
EndProject
Project("{2150E333-8FDC-42A3-9474-1A3956D46DE8}") = "05 Test", "05 Test", "{52E90FA9-03C0-4331-B9B1-F24906CC609F}"
EndProject
Project("{FAE04EC0-301F-11D3-BF4B-00C04F79EFBC}") = "Asset.Infrastucture.Library", "Asset.Infrastucture.Library\Asset.Infrastucture.Library.csproj", "{1CB5F661-FB9C-473F-A26F-BC6C66BC83C2}"
EndProject
Project("{FAE04EC0-301F-11D3-BF4B-00C04F79EFBC}") = "HumanResource.Infrastucture.Library", "HumanResource.Infrastucture.Library\HumanResource.Infrastucture.Library.csproj", "{71072631-126C-4D60-98DB-D1D99EDA983F}"
EndProject
Project("{FAE04EC0-301F-11D3-BF4B-00C04F79EFBC}") = "Organization.Infrastucture.Library", "Organization.Infrastucture.Library\Organization.Infrastucture.Library.csproj", "{69C19263-4D94-4301-871A-956B0FC993BA}"
EndProject
Project("{FAE04EC0-301F-11D3-BF4B-00C04F79EFBC}") = "HumanResource.Manager.Library", "HumanResource.Manager.Library\HumanResource.Manager.Library.csproj", "{DBD4D5DC-3212-4FEF-B39E-95CEA3348357}"
EndProject
Project("{FAE04EC0-301F-11D3-BF4B-00C04F79EFBC}") = "HumanResource.Getway.Library", "HumanResource.Getway.Library\HumanResource.Getway.Library.csproj", "{57386D60-890F-4ED1-A7BA-1FDC5D47407E}"
EndProject
Global
	GlobalSection(SolutionConfigurationPlatforms) = preSolution
		Debug|Any CPU = Debug|Any CPU
		Release|Any CPU = Release|Any CPU
	EndGlobalSection
	GlobalSection(ProjectConfigurationPlatforms) = postSolution
		{69A0E6C4-2A5A-45EB-8B15-CA042E84F74F}.Debug|Any CPU.ActiveCfg = Debug|Any CPU
		{69A0E6C4-2A5A-45EB-8B15-CA042E84F74F}.Debug|Any CPU.Build.0 = Debug|Any CPU
		{69A0E6C4-2A5A-45EB-8B15-CA042E84F74F}.Release|Any CPU.ActiveCfg = Release|Any CPU
		{69A0E6C4-2A5A-45EB-8B15-CA042E84F74F}.Release|Any CPU.Build.0 = Release|Any CPU
		{AD74B19C-8F5E-42C4-B53A-C35BAEC9F951}.Debug|Any CPU.ActiveCfg = Debug|Any CPU
		{AD74B19C-8F5E-42C4-B53A-C35BAEC9F951}.Debug|Any CPU.Build.0 = Debug|Any CPU
		{AD74B19C-8F5E-42C4-B53A-C35BAEC9F951}.Release|Any CPU.ActiveCfg = Release|Any CPU
		{AD74B19C-8F5E-42C4-B53A-C35BAEC9F951}.Release|Any CPU.Build.0 = Release|Any CPU
		{08C1AE5D-2FE8-482E-B137-5DBC21DE589E}.Debug|Any CPU.ActiveCfg = Debug|Any CPU
		{08C1AE5D-2FE8-482E-B137-5DBC21DE589E}.Debug|Any CPU.Build.0 = Debug|Any CPU
		{08C1AE5D-2FE8-482E-B137-5DBC21DE589E}.Release|Any CPU.ActiveCfg = Release|Any CPU
		{08C1AE5D-2FE8-482E-B137-5DBC21DE589E}.Release|Any CPU.Build.0 = Release|Any CPU
		{7A953669-F524-4FA9-BE05-C3040996BBC4}.Debug|Any CPU.ActiveCfg = Debug|Any CPU
		{7A953669-F524-4FA9-BE05-C3040996BBC4}.Debug|Any CPU.Build.0 = Debug|Any CPU
		{7A953669-F524-4FA9-BE05-C3040996BBC4}.Release|Any CPU.ActiveCfg = Release|Any CPU
		{7A953669-F524-4FA9-BE05-C3040996BBC4}.Release|Any CPU.Build.0 = Release|Any CPU
		{D730828D-5372-4DB3-B9AC-2455B793A25A}.Debug|Any CPU.ActiveCfg = Debug|Any CPU
		{D730828D-5372-4DB3-B9AC-2455B793A25A}.Debug|Any CPU.Build.0 = Debug|Any CPU
		{D730828D-5372-4DB3-B9AC-2455B793A25A}.Release|Any CPU.ActiveCfg = Release|Any CPU
		{D730828D-5372-4DB3-B9AC-2455B793A25A}.Release|Any CPU.Build.0 = Release|Any CPU
		{9B587512-325B-4A08-BBEF-7B55F090E931}.Debug|Any CPU.ActiveCfg = Debug|Any CPU
		{9B587512-325B-4A08-BBEF-7B55F090E931}.Debug|Any CPU.Build.0 = Debug|Any CPU
		{9B587512-325B-4A08-BBEF-7B55F090E931}.Release|Any CPU.ActiveCfg = Release|Any CPU
		{9B587512-325B-4A08-BBEF-7B55F090E931}.Release|Any CPU.Build.0 = Release|Any CPU
		{65A19118-CF39-4D3D-9AC2-71FE50B842D4}.Debug|Any CPU.ActiveCfg = Debug|Any CPU
		{65A19118-CF39-4D3D-9AC2-71FE50B842D4}.Debug|Any CPU.Build.0 = Debug|Any CPU
		{65A19118-CF39-4D3D-9AC2-71FE50B842D4}.Release|Any CPU.ActiveCfg = Release|Any CPU
		{65A19118-CF39-4D3D-9AC2-71FE50B842D4}.Release|Any CPU.Build.0 = Release|Any CPU
		{9E69EDBC-6C37-4687-8192-4DD6BB097889}.Debug|Any CPU.ActiveCfg = Debug|Any CPU
		{9E69EDBC-6C37-4687-8192-4DD6BB097889}.Debug|Any CPU.Build.0 = Debug|Any CPU
		{9E69EDBC-6C37-4687-8192-4DD6BB097889}.Release|Any CPU.ActiveCfg = Release|Any CPU
		{9E69EDBC-6C37-4687-8192-4DD6BB097889}.Release|Any CPU.Build.0 = Release|Any CPU
		{1CB5F661-FB9C-473F-A26F-BC6C66BC83C2}.Debug|Any CPU.ActiveCfg = Debug|Any CPU
		{1CB5F661-FB9C-473F-A26F-BC6C66BC83C2}.Debug|Any CPU.Build.0 = Debug|Any CPU
		{1CB5F661-FB9C-473F-A26F-BC6C66BC83C2}.Release|Any CPU.ActiveCfg = Release|Any CPU
		{1CB5F661-FB9C-473F-A26F-BC6C66BC83C2}.Release|Any CPU.Build.0 = Release|Any CPU
		{71072631-126C-4D60-98DB-D1D99EDA983F}.Debug|Any CPU.ActiveCfg = Debug|Any CPU
		{71072631-126C-4D60-98DB-D1D99EDA983F}.Debug|Any CPU.Build.0 = Debug|Any CPU
		{71072631-126C-4D60-98DB-D1D99EDA983F}.Release|Any CPU.ActiveCfg = Release|Any CPU
		{71072631-126C-4D60-98DB-D1D99EDA983F}.Release|Any CPU.Build.0 = Release|Any CPU
		{69C19263-4D94-4301-871A-956B0FC993BA}.Debug|Any CPU.ActiveCfg = Debug|Any CPU
		{69C19263-4D94-4301-871A-956B0FC993BA}.Debug|Any CPU.Build.0 = Debug|Any CPU
		{69C19263-4D94-4301-871A-956B0FC993BA}.Release|Any CPU.ActiveCfg = Release|Any CPU
		{69C19263-4D94-4301-871A-956B0FC993BA}.Release|Any CPU.Build.0 = Release|Any CPU
		{DBD4D5DC-3212-4FEF-B39E-95CEA3348357}.Debug|Any CPU.ActiveCfg = Debug|Any CPU
		{DBD4D5DC-3212-4FEF-B39E-95CEA3348357}.Debug|Any CPU.Build.0 = Debug|Any CPU
		{DBD4D5DC-3212-4FEF-B39E-95CEA3348357}.Release|Any CPU.ActiveCfg = Release|Any CPU
		{DBD4D5DC-3212-4FEF-B39E-95CEA3348357}.Release|Any CPU.Build.0 = Release|Any CPU
		{57386D60-890F-4ED1-A7BA-1FDC5D47407E}.Debug|Any CPU.ActiveCfg = Debug|Any CPU
		{57386D60-890F-4ED1-A7BA-1FDC5D47407E}.Debug|Any CPU.Build.0 = Debug|Any CPU
		{57386D60-890F-4ED1-A7BA-1FDC5D47407E}.Release|Any CPU.ActiveCfg = Release|Any CPU
		{57386D60-890F-4ED1-A7BA-1FDC5D47407E}.Release|Any CPU.Build.0 = Release|Any CPU
	EndGlobalSection
	GlobalSection(SolutionProperties) = preSolution
		HideSolutionNode = FALSE
	EndGlobalSection
	GlobalSection(NestedProjects) = preSolution
		{69A0E6C4-2A5A-45EB-8B15-CA042E84F74F} = {667C9DFB-860F-4064-A9A5-22E1FC10804B}
		{AD74B19C-8F5E-42C4-B53A-C35BAEC9F951} = {667C9DFB-860F-4064-A9A5-22E1FC10804B}
		{08C1AE5D-2FE8-482E-B137-5DBC21DE589E} = {667C9DFB-860F-4064-A9A5-22E1FC10804B}
		{7A953669-F524-4FA9-BE05-C3040996BBC4} = {7670E72F-45E6-4903-AD7B-AC37D1FCF28B}
		{D730828D-5372-4DB3-B9AC-2455B793A25A} = {EDEE00BE-614B-4215-A72C-D25531C7FDC4}
		{9B587512-325B-4A08-BBEF-7B55F090E931} = {8B2AFCF3-19DF-4153-8FAD-A1FF6D5DD21E}
		{65A19118-CF39-4D3D-9AC2-71FE50B842D4} = {32E69AA7-E1DA-4C63-8A24-03B02FDD05F7}
		{9E69EDBC-6C37-4687-8192-4DD6BB097889} = {126E2C56-32D4-4080-9F99-5EB50167D5EA}
		{1CB5F661-FB9C-473F-A26F-BC6C66BC83C2} = {32E69AA7-E1DA-4C63-8A24-03B02FDD05F7}
		{71072631-126C-4D60-98DB-D1D99EDA983F} = {32E69AA7-E1DA-4C63-8A24-03B02FDD05F7}
		{69C19263-4D94-4301-871A-956B0FC993BA} = {32E69AA7-E1DA-4C63-8A24-03B02FDD05F7}
		{DBD4D5DC-3212-4FEF-B39E-95CEA3348357} = {8B2AFCF3-19DF-4153-8FAD-A1FF6D5DD21E}
		{57386D60-890F-4ED1-A7BA-1FDC5D47407E} = {7670E72F-45E6-4903-AD7B-AC37D1FCF28B}
	EndGlobalSection
EndGlobal
