
Microsoft Visual Studio Solution File, Format Version 12.00
# Visual Studio 2013
VisualStudioVersion = 12.0.40629.0
MinimumVisualStudioVersion = 10.0.40219.1
Project("{FAE04EC0-301F-11D3-BF4B-00C04F79EFBC}") = "AssetModelsLibrary", "AssetModelsLibrary\AssetModelsLibrary.csproj", "{69A0E6C4-2A5A-45EB-8B15-CA042E84F74F}"
EndProject
Project("{FAE04EC0-301F-11D3-BF4B-00C04F79EFBC}") = "OrganizationModelsLibrary", "OrganizationModelsLibrary\OrganizationModelsLibrary.csproj", "{AD74B19C-8F5E-42C4-B53A-C35BAEC9F951}"
EndProject
Project("{FAE04EC0-301F-11D3-BF4B-00C04F79EFBC}") = "HumanResourceModelsLibrary", "HumanResourceModelsLibrary\HumanResourceModelsLibrary.csproj", "{08C1AE5D-2FE8-482E-B137-5DBC21DE589E}"
EndProject
Project("{FAE04EC0-301F-11D3-BF4B-00C04F79EFBC}") = "OrgnationGetwaysLibrary", "OrgnationGetwaysLibrary\OrgnationGetwaysLibrary.csproj", "{7A953669-F524-4FA9-BE05-C3040996BBC4}"
EndProject
Project("{FAE04EC0-301F-11D3-BF4B-00C04F79EFBC}") = "AssetManagementUI", "AssetManagementUI\AssetManagementUI.csproj", "{D730828D-5372-4DB3-B9AC-2455B793A25A}"
EndProject
Project("{FAE04EC0-301F-11D3-BF4B-00C04F79EFBC}") = "OrgnationManagersLibrary", "OrgnationManagersLibrary\OrgnationManagersLibrary.csproj", "{9B587512-325B-4A08-BBEF-7B55F090E931}"
EndProject
Project("{2150E333-8FDC-42A3-9474-1A3956D46DE8}") = "01 User Interfaces", "01 User Interfaces", "{EDEE00BE-614B-4215-A72C-D25531C7FDC4}"
EndProject
Project("{2150E333-8FDC-42A3-9474-1A3956D46DE8}") = "02 Domain Models", "02 Domain Models", "{32E69AA7-E1DA-4C63-8A24-03B02FDD05F7}"
EndProject
Project("{2150E333-8FDC-42A3-9474-1A3956D46DE8}") = "03 Business Logic Layers", "03 Business Logic Layers", "{8B2AFCF3-19DF-4153-8FAD-A1FF6D5DD21E}"
EndProject
Project("{2150E333-8FDC-42A3-9474-1A3956D46DE8}") = "04 Data Access Layers", "04 Data Access Layers", "{7670E72F-45E6-4903-AD7B-AC37D1FCF28B}"
EndProject
Global
	GlobalSection(SolutionConfigurationPlatforms) = preSolution
		Debug|Any CPU = Debug|Any CPU
		Release|Any CPU = Release|Any CPU
	EndGlobalSection
	GlobalSection(ProjectConfigurationPlatforms) = postSolution
		{69A0E6C4-2A5A-45EB-8B15-CA042E84F74F}.Debug|Any CPU.ActiveCfg = Debug|Any CPU
		{69A0E6C4-2A5A-45EB-8B15-CA042E84F74F}.Debug|Any CPU.Build.0 = Debug|Any CPU
		{69A0E6C4-2A5A-45EB-8B15-CA042E84F74F}.Release|Any CPU.ActiveCfg = Release|Any CPU
		{69A0E6C4-2A5A-45EB-8B15-CA042E84F74F}.Release|Any CPU.Build.0 = Release|Any CPU
		{AD74B19C-8F5E-42C4-B53A-C35BAEC9F951}.Debug|Any CPU.ActiveCfg = Debug|Any CPU
		{AD74B19C-8F5E-42C4-B53A-C35BAEC9F951}.Debug|Any CPU.Build.0 = Debug|Any CPU
		{AD74B19C-8F5E-42C4-B53A-C35BAEC9F951}.Release|Any CPU.ActiveCfg = Release|Any CPU
		{AD74B19C-8F5E-42C4-B53A-C35BAEC9F951}.Release|Any CPU.Build.0 = Release|Any CPU
		{08C1AE5D-2FE8-482E-B137-5DBC21DE589E}.Debug|Any CPU.ActiveCfg = Debug|Any CPU
		{08C1AE5D-2FE8-482E-B137-5DBC21DE589E}.Debug|Any CPU.Build.0 = Debug|Any CPU
		{08C1AE5D-2FE8-482E-B137-5DBC21DE589E}.Release|Any CPU.ActiveCfg = Release|Any CPU
		{08C1AE5D-2FE8-482E-B137-5DBC21DE589E}.Release|Any CPU.Build.0 = Release|Any CPU
		{7A953669-F524-4FA9-BE05-C3040996BBC4}.Debug|Any CPU.ActiveCfg = Debug|Any CPU
		{7A953669-F524-4FA9-BE05-C3040996BBC4}.Debug|Any CPU.Build.0 = Debug|Any CPU
		{7A953669-F524-4FA9-BE05-C3040996BBC4}.Release|Any CPU.ActiveCfg = Release|Any CPU
		{7A953669-F524-4FA9-BE05-C3040996BBC4}.Release|Any CPU.Build.0 = Release|Any CPU
		{D730828D-5372-4DB3-B9AC-2455B793A25A}.Debug|Any CPU.ActiveCfg = Debug|Any CPU
		{D730828D-5372-4DB3-B9AC-2455B793A25A}.Debug|Any CPU.Build.0 = Debug|Any CPU
		{D730828D-5372-4DB3-B9AC-2455B793A25A}.Release|Any CPU.ActiveCfg = Release|Any CPU
		{D730828D-5372-4DB3-B9AC-2455B793A25A}.Release|Any CPU.Build.0 = Release|Any CPU
		{9B587512-325B-4A08-BBEF-7B55F090E931}.Debug|Any CPU.ActiveCfg = Debug|Any CPU
		{9B587512-325B-4A08-BBEF-7B55F090E931}.Debug|Any CPU.Build.0 = Debug|Any CPU
		{9B587512-325B-4A08-BBEF-7B55F090E931}.Release|Any CPU.ActiveCfg = Release|Any CPU
		{9B587512-325B-4A08-BBEF-7B55F090E931}.Release|Any CPU.Build.0 = Release|Any CPU
	EndGlobalSection
	GlobalSection(SolutionProperties) = preSolution
		HideSolutionNode = FALSE
	EndGlobalSection
	GlobalSection(NestedProjects) = preSolution
		{69A0E6C4-2A5A-45EB-8B15-CA042E84F74F} = {32E69AA7-E1DA-4C63-8A24-03B02FDD05F7}
		{AD74B19C-8F5E-42C4-B53A-C35BAEC9F951} = {32E69AA7-E1DA-4C63-8A24-03B02FDD05F7}
		{08C1AE5D-2FE8-482E-B137-5DBC21DE589E} = {32E69AA7-E1DA-4C63-8A24-03B02FDD05F7}
		{7A953669-F524-4FA9-BE05-C3040996BBC4} = {7670E72F-45E6-4903-AD7B-AC37D1FCF28B}
		{D730828D-5372-4DB3-B9AC-2455B793A25A} = {EDEE00BE-614B-4215-A72C-D25531C7FDC4}
		{9B587512-325B-4A08-BBEF-7B55F090E931} = {8B2AFCF3-19DF-4153-8FAD-A1FF6D5DD21E}
	EndGlobalSection
EndGlobal
